
Microsoft Visual Studio Solution File, Format Version 12.00
# Visual Studio Version 17
VisualStudioVersion = 17.6.33829.357
MinimumVisualStudioVersion = 10.0.40219.1
Project("{FAE04EC0-301F-11D3-BF4B-00C04F79EFBC}") = "RepeatBasic", "RepeatBasic\RepeatBasic.csproj", "{429DA54A-EDB0-41E9-B1B0-D8CFFEC86EBC}"
EndProject
Global
	GlobalSection(SolutionConfigurationPlatforms) = preSolution
		Debug|Any CPU = Debug|Any CPU
		Release|Any CPU = Release|Any CPU
	EndGlobalSection
	GlobalSection(ProjectConfigurationPlatforms) = postSolution
		{429DA54A-EDB0-41E9-B1B0-D8CFFEC86EBC}.Debug|Any CPU.ActiveCfg = Debug|Any CPU
		{429DA54A-EDB0-41E9-B1B0-D8CFFEC86EBC}.Debug|Any CPU.Build.0 = Debug|Any CPU
		{429DA54A-EDB0-41E9-B1B0-D8CFFEC86EBC}.Release|Any CPU.ActiveCfg = Release|Any CPU
		{429DA54A-EDB0-41E9-B1B0-D8CFFEC86EBC}.Release|Any CPU.Build.0 = Release|Any CPU
	EndGlobalSection
	GlobalSection(SolutionProperties) = preSolution
		HideSolutionNode = FALSE
	EndGlobalSection
	GlobalSection(ExtensibilityGlobals) = postSolution
		SolutionGuid = {EFE1F0D4-6D4B-487C-BA6B-CC87959A1BB7}
	EndGlobalSection
EndGlobal
